
Microsoft Visual Studio Solution File, Format Version 11.00
# Visual C# Express 2010
Project("{FAE04EC0-301F-11D3-BF4B-00C04F79EFBC}") = "Blocks", "Blocks\Blocks\Blocks.csproj", "{1AB8FD49-064B-418C-B62B-69ECF8149C2A}"
EndProject
Project("{FAE04EC0-301F-11D3-BF4B-00C04F79EFBC}") = "BlocksContent", "Blocks\BlocksContent\BlocksContent.contentproj", "{E29F91E7-29C4-4A0E-86ED-345AA4C72EE3}"
EndProject
Project("{FAE04EC0-301F-11D3-BF4B-00C04F79EFBC}") = "BlockEditor", "BlockEditor\BlockEditor\BlockEditor.csproj", "{7C7E6020-272D-4E4E-A0F5-A011B42EC30D}"
EndProject
Project("{FAE04EC0-301F-11D3-BF4B-00C04F79EFBC}") = "BlockEditorContent", "BlockEditor\BlockEditorContent\BlockEditorContent.contentproj", "{815C00DE-0C8F-4E6A-809E-8DFBBF27BC56}"
EndProject
Project("{FAE04EC0-301F-11D3-BF4B-00C04F79EFBC}") = "Framework", "Framework\Framework.csproj", "{FA23868B-0454-4B81-B5AA-F270F987ECC7}"
EndProject
Project("{FAE04EC0-301F-11D3-BF4B-00C04F79EFBC}") = "Framework.UI", "Framework.UI\Framework.UI.csproj", "{D174EA5D-837C-466D-9333-D661CEFEA146}"
EndProject
Project("{FAE04EC0-301F-11D3-BF4B-00C04F79EFBC}") = "Framework.Input", "Framework.Input\Framework.Input.csproj", "{DB2BD867-9AF8-4D9E-9C41-72DED706B58C}"
EndProject
Project("{FAE04EC0-301F-11D3-BF4B-00C04F79EFBC}") = "Framework.UI.Demo", "Framework.UI.Demo\Framework.UI.Demo\Framework.UI.Demo.csproj", "{028223E3-B7C3-4752-B13E-9D5173B2047F}"
EndProject
Project("{FAE04EC0-301F-11D3-BF4B-00C04F79EFBC}") = "Framework.UI.DemoContent", "Framework.UI.Demo\Framework.UI.DemoContent\Framework.UI.DemoContent.contentproj", "{CD57FAA1-0B4B-404C-AC7C-B8F0F70D9968}"
EndProject
Project("{FAE04EC0-301F-11D3-BF4B-00C04F79EFBC}") = "Framework.Content.Pipeline", "Framework.Content.Pipeline\Framework.Content.Pipeline.csproj", "{44FCDED7-AE50-41BA-A09A-7165E967E171}"
EndProject
Project("{FAE04EC0-301F-11D3-BF4B-00C04F79EFBC}") = "CodeTemplate", "CodeTemplate\CodeTemplate.csproj", "{29F1B080-1D4F-41EC-862D-1B6D5894D389}"
EndProject
Global
	GlobalSection(SolutionConfigurationPlatforms) = preSolution
		Debug|x86 = Debug|x86
		Release|x86 = Release|x86
	EndGlobalSection
	GlobalSection(ProjectConfigurationPlatforms) = postSolution
		{1AB8FD49-064B-418C-B62B-69ECF8149C2A}.Debug|x86.ActiveCfg = Debug|x86
		{1AB8FD49-064B-418C-B62B-69ECF8149C2A}.Debug|x86.Build.0 = Debug|x86
		{1AB8FD49-064B-418C-B62B-69ECF8149C2A}.Release|x86.ActiveCfg = Release|x86
		{1AB8FD49-064B-418C-B62B-69ECF8149C2A}.Release|x86.Build.0 = Release|x86
		{E29F91E7-29C4-4A0E-86ED-345AA4C72EE3}.Debug|x86.ActiveCfg = Debug|x86
		{E29F91E7-29C4-4A0E-86ED-345AA4C72EE3}.Release|x86.ActiveCfg = Release|x86
		{7C7E6020-272D-4E4E-A0F5-A011B42EC30D}.Debug|x86.ActiveCfg = Debug|x86
		{7C7E6020-272D-4E4E-A0F5-A011B42EC30D}.Debug|x86.Build.0 = Debug|x86
		{7C7E6020-272D-4E4E-A0F5-A011B42EC30D}.Release|x86.ActiveCfg = Release|x86
		{7C7E6020-272D-4E4E-A0F5-A011B42EC30D}.Release|x86.Build.0 = Release|x86
		{815C00DE-0C8F-4E6A-809E-8DFBBF27BC56}.Debug|x86.ActiveCfg = Debug|x86
		{815C00DE-0C8F-4E6A-809E-8DFBBF27BC56}.Release|x86.ActiveCfg = Release|x86
		{FA23868B-0454-4B81-B5AA-F270F987ECC7}.Debug|x86.ActiveCfg = Debug|x86
		{FA23868B-0454-4B81-B5AA-F270F987ECC7}.Debug|x86.Build.0 = Debug|x86
		{FA23868B-0454-4B81-B5AA-F270F987ECC7}.Release|x86.ActiveCfg = Release|x86
		{FA23868B-0454-4B81-B5AA-F270F987ECC7}.Release|x86.Build.0 = Release|x86
		{D174EA5D-837C-466D-9333-D661CEFEA146}.Debug|x86.ActiveCfg = Debug|x86
		{D174EA5D-837C-466D-9333-D661CEFEA146}.Debug|x86.Build.0 = Debug|x86
		{D174EA5D-837C-466D-9333-D661CEFEA146}.Release|x86.ActiveCfg = Release|x86
		{D174EA5D-837C-466D-9333-D661CEFEA146}.Release|x86.Build.0 = Release|x86
		{DB2BD867-9AF8-4D9E-9C41-72DED706B58C}.Debug|x86.ActiveCfg = Debug|x86
		{DB2BD867-9AF8-4D9E-9C41-72DED706B58C}.Debug|x86.Build.0 = Debug|x86
		{DB2BD867-9AF8-4D9E-9C41-72DED706B58C}.Release|x86.ActiveCfg = Release|x86
		{DB2BD867-9AF8-4D9E-9C41-72DED706B58C}.Release|x86.Build.0 = Release|x86
		{028223E3-B7C3-4752-B13E-9D5173B2047F}.Debug|x86.ActiveCfg = Debug|x86
		{028223E3-B7C3-4752-B13E-9D5173B2047F}.Debug|x86.Build.0 = Debug|x86
		{028223E3-B7C3-4752-B13E-9D5173B2047F}.Release|x86.ActiveCfg = Release|x86
		{028223E3-B7C3-4752-B13E-9D5173B2047F}.Release|x86.Build.0 = Release|x86
		{CD57FAA1-0B4B-404C-AC7C-B8F0F70D9968}.Debug|x86.ActiveCfg = Debug|x86
		{CD57FAA1-0B4B-404C-AC7C-B8F0F70D9968}.Release|x86.ActiveCfg = Release|x86
		{44FCDED7-AE50-41BA-A09A-7165E967E171}.Debug|x86.ActiveCfg = Debug|x86
		{44FCDED7-AE50-41BA-A09A-7165E967E171}.Debug|x86.Build.0 = Debug|x86
		{44FCDED7-AE50-41BA-A09A-7165E967E171}.Release|x86.ActiveCfg = Debug|x86
		{44FCDED7-AE50-41BA-A09A-7165E967E171}.Release|x86.Build.0 = Debug|x86
		{29F1B080-1D4F-41EC-862D-1B6D5894D389}.Debug|x86.ActiveCfg = Debug|x86
		{29F1B080-1D4F-41EC-862D-1B6D5894D389}.Debug|x86.Build.0 = Debug|x86
		{29F1B080-1D4F-41EC-862D-1B6D5894D389}.Release|x86.ActiveCfg = Release|x86
		{29F1B080-1D4F-41EC-862D-1B6D5894D389}.Release|x86.Build.0 = Release|x86
	EndGlobalSection
	GlobalSection(SolutionProperties) = preSolution
		HideSolutionNode = FALSE
	EndGlobalSection
EndGlobal
