
Microsoft Visual Studio Solution File, Format Version 11.00
# Visual C# Express 2010
Project("{FAE04EC0-301F-11D3-BF4B-00C04F79EFBC}") = "BlockEditor", "BlockEditor\BlockEditor\BlockEditor.csproj", "{7C7E6020-272D-4E4E-A0F5-A011B42EC30D}"
EndProject
Project("{FAE04EC0-301F-11D3-BF4B-00C04F79EFBC}") = "BlockEditorContent", "BlockEditor\BlockEditorContent\BlockEditorContent.contentproj", "{815C00DE-0C8F-4E6A-809E-8DFBBF27BC56}"
EndProject
Project("{FAE04EC0-301F-11D3-BF4B-00C04F79EFBC}") = "Framework", "Framework\Framework.csproj", "{FA23868B-0454-4B81-B5AA-F270F987ECC7}"
EndProject
Project("{FAE04EC0-301F-11D3-BF4B-00C04F79EFBC}") = "Framework.UI", "Framework.UI\Framework.UI.csproj", "{D174EA5D-837C-466D-9333-D661CEFEA146}"
EndProject
Project("{FAE04EC0-301F-11D3-BF4B-00C04F79EFBC}") = "Framework.Input", "Framework.Input\Framework.Input.csproj", "{DB2BD867-9AF8-4D9E-9C41-72DED706B58C}"
EndProject
Project("{FAE04EC0-301F-11D3-BF4B-00C04F79EFBC}") = "Framework.UI.Demo", "Framework.UI.Demo\Framework.UI.Demo\Framework.UI.Demo.csproj", "{028223E3-B7C3-4752-B13E-9D5173B2047F}"
EndProject
Project("{FAE04EC0-301F-11D3-BF4B-00C04F79EFBC}") = "Framework.UI.DemoContent", "Framework.UI.Demo\Framework.UI.DemoContent\Framework.UI.DemoContent.contentproj", "{CD57FAA1-0B4B-404C-AC7C-B8F0F70D9968}"
EndProject
Project("{FAE04EC0-301F-11D3-BF4B-00C04F79EFBC}") = "Framework.Content.Pipeline", "Framework.Content.Pipeline\Framework.Content.Pipeline.csproj", "{44FCDED7-AE50-41BA-A09A-7165E967E171}"
EndProject
Project("{FAE04EC0-301F-11D3-BF4B-00C04F79EFBC}") = "CodeTemplate", "CodeTemplate\CodeTemplate.csproj", "{29F1B080-1D4F-41EC-862D-1B6D5894D389}"
EndProject
Project("{FAE04EC0-301F-11D3-BF4B-00C04F79EFBC}") = "Blocks", "Blocks\Blocks.csproj", "{AF33ACD1-05BE-478C-80E3-3566B0569700}"
EndProject
Project("{FAE04EC0-301F-11D3-BF4B-00C04F79EFBC}") = "Blocks.Serialization.Demo", "Blocks.Serialization.Demo\Blocks.Serialization.Demo.csproj", "{C56C5ACC-A154-4B5E-9611-A72301681492}"
EndProject
Project("{FAE04EC0-301F-11D3-BF4B-00C04F79EFBC}") = "Blocks.Graphics.Demo", "Blocks.Graphics.Demo\Blocks.Graphics.Demo\Blocks.Graphics.Demo.csproj", "{AE2B5749-E6C1-4BC0-A70C-1D1F23267685}"
EndProject
Project("{96E2B04D-8817-42C6-938A-82C39BA4D311}") = "Blocks.Graphics.DemoContent", "Blocks.Graphics.Demo\Blocks.Graphics.DemoContent\Blocks.Graphics.DemoContent.contentproj", "{D3D4C4F1-A878-41D0-B156-D8F5279697EF}"
EndProject
Global
	GlobalSection(SolutionConfigurationPlatforms) = preSolution
		Debug|x86 = Debug|x86
		Release|x86 = Release|x86
	EndGlobalSection
	GlobalSection(ProjectConfigurationPlatforms) = postSolution
		{7C7E6020-272D-4E4E-A0F5-A011B42EC30D}.Debug|x86.ActiveCfg = Debug|x86
		{7C7E6020-272D-4E4E-A0F5-A011B42EC30D}.Debug|x86.Build.0 = Debug|x86
		{7C7E6020-272D-4E4E-A0F5-A011B42EC30D}.Release|x86.ActiveCfg = Release|x86
		{7C7E6020-272D-4E4E-A0F5-A011B42EC30D}.Release|x86.Build.0 = Release|x86
		{815C00DE-0C8F-4E6A-809E-8DFBBF27BC56}.Debug|x86.ActiveCfg = Debug|x86
		{815C00DE-0C8F-4E6A-809E-8DFBBF27BC56}.Release|x86.ActiveCfg = Release|x86
		{FA23868B-0454-4B81-B5AA-F270F987ECC7}.Debug|x86.ActiveCfg = Debug|x86
		{FA23868B-0454-4B81-B5AA-F270F987ECC7}.Debug|x86.Build.0 = Debug|x86
		{FA23868B-0454-4B81-B5AA-F270F987ECC7}.Release|x86.ActiveCfg = Release|x86
		{FA23868B-0454-4B81-B5AA-F270F987ECC7}.Release|x86.Build.0 = Release|x86
		{D174EA5D-837C-466D-9333-D661CEFEA146}.Debug|x86.ActiveCfg = Debug|x86
		{D174EA5D-837C-466D-9333-D661CEFEA146}.Debug|x86.Build.0 = Debug|x86
		{D174EA5D-837C-466D-9333-D661CEFEA146}.Release|x86.ActiveCfg = Release|x86
		{D174EA5D-837C-466D-9333-D661CEFEA146}.Release|x86.Build.0 = Release|x86
		{DB2BD867-9AF8-4D9E-9C41-72DED706B58C}.Debug|x86.ActiveCfg = Debug|x86
		{DB2BD867-9AF8-4D9E-9C41-72DED706B58C}.Debug|x86.Build.0 = Debug|x86
		{DB2BD867-9AF8-4D9E-9C41-72DED706B58C}.Release|x86.ActiveCfg = Release|x86
		{DB2BD867-9AF8-4D9E-9C41-72DED706B58C}.Release|x86.Build.0 = Release|x86
		{028223E3-B7C3-4752-B13E-9D5173B2047F}.Debug|x86.ActiveCfg = Debug|x86
		{028223E3-B7C3-4752-B13E-9D5173B2047F}.Debug|x86.Build.0 = Debug|x86
		{028223E3-B7C3-4752-B13E-9D5173B2047F}.Release|x86.ActiveCfg = Release|x86
		{028223E3-B7C3-4752-B13E-9D5173B2047F}.Release|x86.Build.0 = Release|x86
		{CD57FAA1-0B4B-404C-AC7C-B8F0F70D9968}.Debug|x86.ActiveCfg = Debug|x86
		{CD57FAA1-0B4B-404C-AC7C-B8F0F70D9968}.Release|x86.ActiveCfg = Release|x86
		{44FCDED7-AE50-41BA-A09A-7165E967E171}.Debug|x86.ActiveCfg = Debug|x86
		{44FCDED7-AE50-41BA-A09A-7165E967E171}.Debug|x86.Build.0 = Debug|x86
		{44FCDED7-AE50-41BA-A09A-7165E967E171}.Release|x86.ActiveCfg = Debug|x86
		{44FCDED7-AE50-41BA-A09A-7165E967E171}.Release|x86.Build.0 = Debug|x86
		{29F1B080-1D4F-41EC-862D-1B6D5894D389}.Debug|x86.ActiveCfg = Debug|x86
		{29F1B080-1D4F-41EC-862D-1B6D5894D389}.Debug|x86.Build.0 = Debug|x86
		{29F1B080-1D4F-41EC-862D-1B6D5894D389}.Release|x86.ActiveCfg = Release|x86
		{29F1B080-1D4F-41EC-862D-1B6D5894D389}.Release|x86.Build.0 = Release|x86
		{AF33ACD1-05BE-478C-80E3-3566B0569700}.Debug|x86.ActiveCfg = Debug|x86
		{AF33ACD1-05BE-478C-80E3-3566B0569700}.Debug|x86.Build.0 = Debug|x86
		{AF33ACD1-05BE-478C-80E3-3566B0569700}.Release|x86.ActiveCfg = Release|x86
		{AF33ACD1-05BE-478C-80E3-3566B0569700}.Release|x86.Build.0 = Release|x86
		{C56C5ACC-A154-4B5E-9611-A72301681492}.Debug|x86.ActiveCfg = Debug|x86
		{C56C5ACC-A154-4B5E-9611-A72301681492}.Debug|x86.Build.0 = Debug|x86
		{C56C5ACC-A154-4B5E-9611-A72301681492}.Release|x86.ActiveCfg = Release|x86
		{C56C5ACC-A154-4B5E-9611-A72301681492}.Release|x86.Build.0 = Release|x86
		{AE2B5749-E6C1-4BC0-A70C-1D1F23267685}.Debug|x86.ActiveCfg = Debug|x86
		{AE2B5749-E6C1-4BC0-A70C-1D1F23267685}.Debug|x86.Build.0 = Debug|x86
		{AE2B5749-E6C1-4BC0-A70C-1D1F23267685}.Release|x86.ActiveCfg = Release|x86
		{AE2B5749-E6C1-4BC0-A70C-1D1F23267685}.Release|x86.Build.0 = Release|x86
		{D3D4C4F1-A878-41D0-B156-D8F5279697EF}.Debug|x86.ActiveCfg = Debug|x86
		{D3D4C4F1-A878-41D0-B156-D8F5279697EF}.Release|x86.ActiveCfg = Release|x86
	EndGlobalSection
	GlobalSection(SolutionProperties) = preSolution
		HideSolutionNode = FALSE
	EndGlobalSection
EndGlobal
