
Microsoft Visual Studio Solution File, Format Version 11.00
# Visual C# Express 2010
Project("{FAE04EC0-301F-11D3-BF4B-00C04F79EFBC}") = "BlockEditor", "BlockEditor\BlockEditor\BlockEditor.csproj", "{7C7E6020-272D-4E4E-A0F5-A011B42EC30D}"
EndProject
Project("{FAE04EC0-301F-11D3-BF4B-00C04F79EFBC}") = "BlockEditorContent", "BlockEditor\BlockEditorContent\BlockEditorContent.contentproj", "{815C00DE-0C8F-4E6A-809E-8DFBBF27BC56}"
EndProject
Project("{FAE04EC0-301F-11D3-BF4B-00C04F79EFBC}") = "Framework", "Framework\Framework.csproj", "{FA23868B-0454-4B81-B5AA-F270F987ECC7}"
EndProject
Project("{FAE04EC0-301F-11D3-BF4B-00C04F79EFBC}") = "Framework.UI", "Framework.UI\Framework.UI.csproj", "{D174EA5D-837C-466D-9333-D661CEFEA146}"
EndProject
Project("{FAE04EC0-301F-11D3-BF4B-00C04F79EFBC}") = "Framework.UI.Demo", "Framework.UI.Demo\Framework.UI.Demo\Framework.UI.Demo.csproj", "{028223E3-B7C3-4752-B13E-9D5173B2047F}"
EndProject
Project("{FAE04EC0-301F-11D3-BF4B-00C04F79EFBC}") = "Framework.UI.DemoContent", "Framework.UI.Demo\Framework.UI.DemoContent\Framework.UI.DemoContent.contentproj", "{CD57FAA1-0B4B-404C-AC7C-B8F0F70D9968}"
EndProject
Project("{FAE04EC0-301F-11D3-BF4B-00C04F79EFBC}") = "Framework.Content.Pipeline", "Framework.Content.Pipeline\Framework.Content.Pipeline.csproj", "{44FCDED7-AE50-41BA-A09A-7165E967E171}"
EndProject
Project("{FAE04EC0-301F-11D3-BF4B-00C04F79EFBC}") = "CodeTemplate", "CodeTemplate\CodeTemplate.csproj", "{29F1B080-1D4F-41EC-862D-1B6D5894D389}"
EndProject
Project("{FAE04EC0-301F-11D3-BF4B-00C04F79EFBC}") = "Blocks", "Blocks\Blocks.csproj", "{AF33ACD1-05BE-478C-80E3-3566B0569700}"
EndProject
Project("{FAE04EC0-301F-11D3-BF4B-00C04F79EFBC}") = "Blocks.Serialization.Demo", "Blocks.Serialization.Demo\Blocks.Serialization.Demo.csproj", "{C56C5ACC-A154-4B5E-9611-A72301681492}"
EndProject
Project("{FAE04EC0-301F-11D3-BF4B-00C04F79EFBC}") = "Blocks.Graphics.Demo", "Blocks.Graphics.Demo\Blocks.Graphics.Demo\Blocks.Graphics.Demo.csproj", "{AE2B5749-E6C1-4BC0-A70C-1D1F23267685}"
EndProject
Project("{FAE04EC0-301F-11D3-BF4B-00C04F79EFBC}") = "Blocks.Graphics.DemoContent", "Blocks.Graphics.Demo\Blocks.Graphics.DemoContent\Blocks.Graphics.DemoContent.contentproj", "{D3D4C4F1-A878-41D0-B156-D8F5279697EF}"
EndProject
Project("{FAE04EC0-301F-11D3-BF4B-00C04F79EFBC}") = "BlockViewer", "BlockViewer\BlockViewer\BlockViewer.csproj", "{59DBFEB8-4CA2-4192-B579-77B977F5B5E0}"
EndProject
Project("{FAE04EC0-301F-11D3-BF4B-00C04F79EFBC}") = "BlockViewerContent", "BlockViewer\BlockViewerContent\BlockViewerContent.contentproj", "{26B915B8-C0D1-491B-BC5C-126B44B9ACB9}"
EndProject
Project("{FAE04EC0-301F-11D3-BF4B-00C04F79EFBC}") = "Framework.Audio.StreamingWaveDemo", "Framework.Audio.StreamingWaveDemo\Framework.Audio.StreamingWaveDemo\Framework.Audio.StreamingWaveDemo.csproj", "{CEF63FA4-67FB-4DFD-8920-330DE13C46B7}"
EndProject
Project("{FAE04EC0-301F-11D3-BF4B-00C04F79EFBC}") = "Framework.Audio.StreamingWaveDemoContent", "Framework.Audio.StreamingWaveDemo\Framework.Audio.StreamingWaveDemoContent\Framework.Audio.StreamingWaveDemoContent.contentproj", "{0B6CED82-0C51-46EE-9D90-3DBBD8F0026A}"
EndProject
Project("{FAE04EC0-301F-11D3-BF4B-00C04F79EFBC}") = "Net.Box", "Net.Box\Net.Box.csproj", "{E53FFAC9-D6EC-46AB-A173-A79085A678F6}"
EndProject
Project("{FAE04EC0-301F-11D3-BF4B-00C04F79EFBC}") = "Net.Box.BuildApiKey", "Net.Box.BuildApiKey\Net.Box.BuildApiKey.csproj", "{E074F5EB-26F3-4C97-A20E-76CC04C1E096}"
EndProject
Project("{FAE04EC0-301F-11D3-BF4B-00C04F79EFBC}") = "Net.Box.Demo", "Net.Box.Demo\Net.Box.Demo.csproj", "{151B3458-16C9-4F7A-A78B-273564E5FC98}"
EndProject
Project("{FAE04EC0-301F-11D3-BF4B-00C04F79EFBC}") = "Blocks.BuildBlockSprite", "Blocks.BuildBlockSprite\Blocks.BuildBlockSprite.csproj", "{2C88A305-72CB-4A3A-81F4-481016427EA3}"
EndProject
Project("{FAE04EC0-301F-11D3-BF4B-00C04F79EFBC}") = "BlockViewerSounds", "..\Blocks Sounds\BlockViewerSounds\BlockViewerSounds\BlockViewerSounds.contentproj", "{911F77C9-38E8-4069-9E58-8C70502D4E3D}"
EndProject
Global
	GlobalSection(SolutionConfigurationPlatforms) = preSolution
		Debug|Any CPU = Debug|Any CPU
		Debug|Mixed Platforms = Debug|Mixed Platforms
		Debug|x86 = Debug|x86
		Release|Any CPU = Release|Any CPU
		Release|Mixed Platforms = Release|Mixed Platforms
		Release|x86 = Release|x86
	EndGlobalSection
	GlobalSection(ProjectConfigurationPlatforms) = postSolution
		{7C7E6020-272D-4E4E-A0F5-A011B42EC30D}.Debug|Any CPU.ActiveCfg = Debug|x86
		{7C7E6020-272D-4E4E-A0F5-A011B42EC30D}.Debug|Mixed Platforms.ActiveCfg = Debug|x86
		{7C7E6020-272D-4E4E-A0F5-A011B42EC30D}.Debug|Mixed Platforms.Build.0 = Debug|x86
		{7C7E6020-272D-4E4E-A0F5-A011B42EC30D}.Debug|x86.ActiveCfg = Debug|x86
		{7C7E6020-272D-4E4E-A0F5-A011B42EC30D}.Debug|x86.Build.0 = Debug|x86
		{7C7E6020-272D-4E4E-A0F5-A011B42EC30D}.Release|Any CPU.ActiveCfg = Release|x86
		{7C7E6020-272D-4E4E-A0F5-A011B42EC30D}.Release|Mixed Platforms.ActiveCfg = Release|x86
		{7C7E6020-272D-4E4E-A0F5-A011B42EC30D}.Release|Mixed Platforms.Build.0 = Release|x86
		{7C7E6020-272D-4E4E-A0F5-A011B42EC30D}.Release|x86.ActiveCfg = Release|x86
		{7C7E6020-272D-4E4E-A0F5-A011B42EC30D}.Release|x86.Build.0 = Release|x86
		{815C00DE-0C8F-4E6A-809E-8DFBBF27BC56}.Debug|Any CPU.ActiveCfg = Debug|x86
		{815C00DE-0C8F-4E6A-809E-8DFBBF27BC56}.Debug|Mixed Platforms.ActiveCfg = Debug|x86
		{815C00DE-0C8F-4E6A-809E-8DFBBF27BC56}.Debug|x86.ActiveCfg = Debug|x86
		{815C00DE-0C8F-4E6A-809E-8DFBBF27BC56}.Release|Any CPU.ActiveCfg = Release|x86
		{815C00DE-0C8F-4E6A-809E-8DFBBF27BC56}.Release|Mixed Platforms.ActiveCfg = Release|x86
		{815C00DE-0C8F-4E6A-809E-8DFBBF27BC56}.Release|x86.ActiveCfg = Release|x86
		{FA23868B-0454-4B81-B5AA-F270F987ECC7}.Debug|Any CPU.ActiveCfg = Debug|x86
		{FA23868B-0454-4B81-B5AA-F270F987ECC7}.Debug|Mixed Platforms.ActiveCfg = Debug|x86
		{FA23868B-0454-4B81-B5AA-F270F987ECC7}.Debug|Mixed Platforms.Build.0 = Debug|x86
		{FA23868B-0454-4B81-B5AA-F270F987ECC7}.Debug|x86.ActiveCfg = Debug|x86
		{FA23868B-0454-4B81-B5AA-F270F987ECC7}.Debug|x86.Build.0 = Debug|x86
		{FA23868B-0454-4B81-B5AA-F270F987ECC7}.Release|Any CPU.ActiveCfg = Release|x86
		{FA23868B-0454-4B81-B5AA-F270F987ECC7}.Release|Mixed Platforms.ActiveCfg = Release|x86
		{FA23868B-0454-4B81-B5AA-F270F987ECC7}.Release|Mixed Platforms.Build.0 = Release|x86
		{FA23868B-0454-4B81-B5AA-F270F987ECC7}.Release|x86.ActiveCfg = Release|x86
		{FA23868B-0454-4B81-B5AA-F270F987ECC7}.Release|x86.Build.0 = Release|x86
		{D174EA5D-837C-466D-9333-D661CEFEA146}.Debug|Any CPU.ActiveCfg = Debug|x86
		{D174EA5D-837C-466D-9333-D661CEFEA146}.Debug|Mixed Platforms.ActiveCfg = Debug|x86
		{D174EA5D-837C-466D-9333-D661CEFEA146}.Debug|Mixed Platforms.Build.0 = Debug|x86
		{D174EA5D-837C-466D-9333-D661CEFEA146}.Debug|x86.ActiveCfg = Debug|x86
		{D174EA5D-837C-466D-9333-D661CEFEA146}.Debug|x86.Build.0 = Debug|x86
		{D174EA5D-837C-466D-9333-D661CEFEA146}.Release|Any CPU.ActiveCfg = Release|x86
		{D174EA5D-837C-466D-9333-D661CEFEA146}.Release|Mixed Platforms.ActiveCfg = Release|x86
		{D174EA5D-837C-466D-9333-D661CEFEA146}.Release|Mixed Platforms.Build.0 = Release|x86
		{D174EA5D-837C-466D-9333-D661CEFEA146}.Release|x86.ActiveCfg = Release|x86
		{D174EA5D-837C-466D-9333-D661CEFEA146}.Release|x86.Build.0 = Release|x86
		{028223E3-B7C3-4752-B13E-9D5173B2047F}.Debug|Any CPU.ActiveCfg = Debug|x86
		{028223E3-B7C3-4752-B13E-9D5173B2047F}.Debug|Mixed Platforms.ActiveCfg = Debug|x86
		{028223E3-B7C3-4752-B13E-9D5173B2047F}.Debug|Mixed Platforms.Build.0 = Debug|x86
		{028223E3-B7C3-4752-B13E-9D5173B2047F}.Debug|x86.ActiveCfg = Debug|x86
		{028223E3-B7C3-4752-B13E-9D5173B2047F}.Debug|x86.Build.0 = Debug|x86
		{028223E3-B7C3-4752-B13E-9D5173B2047F}.Release|Any CPU.ActiveCfg = Release|x86
		{028223E3-B7C3-4752-B13E-9D5173B2047F}.Release|Mixed Platforms.ActiveCfg = Release|x86
		{028223E3-B7C3-4752-B13E-9D5173B2047F}.Release|Mixed Platforms.Build.0 = Release|x86
		{028223E3-B7C3-4752-B13E-9D5173B2047F}.Release|x86.ActiveCfg = Release|x86
		{028223E3-B7C3-4752-B13E-9D5173B2047F}.Release|x86.Build.0 = Release|x86
		{CD57FAA1-0B4B-404C-AC7C-B8F0F70D9968}.Debug|Any CPU.ActiveCfg = Debug|x86
		{CD57FAA1-0B4B-404C-AC7C-B8F0F70D9968}.Debug|Mixed Platforms.ActiveCfg = Debug|x86
		{CD57FAA1-0B4B-404C-AC7C-B8F0F70D9968}.Debug|x86.ActiveCfg = Debug|x86
		{CD57FAA1-0B4B-404C-AC7C-B8F0F70D9968}.Release|Any CPU.ActiveCfg = Release|x86
		{CD57FAA1-0B4B-404C-AC7C-B8F0F70D9968}.Release|Mixed Platforms.ActiveCfg = Release|x86
		{CD57FAA1-0B4B-404C-AC7C-B8F0F70D9968}.Release|x86.ActiveCfg = Release|x86
		{44FCDED7-AE50-41BA-A09A-7165E967E171}.Debug|Any CPU.ActiveCfg = Debug|x86
		{44FCDED7-AE50-41BA-A09A-7165E967E171}.Debug|Mixed Platforms.ActiveCfg = Debug|x86
		{44FCDED7-AE50-41BA-A09A-7165E967E171}.Debug|Mixed Platforms.Build.0 = Debug|x86
		{44FCDED7-AE50-41BA-A09A-7165E967E171}.Debug|x86.ActiveCfg = Debug|x86
		{44FCDED7-AE50-41BA-A09A-7165E967E171}.Debug|x86.Build.0 = Debug|x86
		{44FCDED7-AE50-41BA-A09A-7165E967E171}.Release|Any CPU.ActiveCfg = Debug|x86
		{44FCDED7-AE50-41BA-A09A-7165E967E171}.Release|Mixed Platforms.ActiveCfg = Debug|x86
		{44FCDED7-AE50-41BA-A09A-7165E967E171}.Release|Mixed Platforms.Build.0 = Debug|x86
		{44FCDED7-AE50-41BA-A09A-7165E967E171}.Release|x86.ActiveCfg = Debug|x86
		{44FCDED7-AE50-41BA-A09A-7165E967E171}.Release|x86.Build.0 = Debug|x86
		{29F1B080-1D4F-41EC-862D-1B6D5894D389}.Debug|Any CPU.ActiveCfg = Debug|x86
		{29F1B080-1D4F-41EC-862D-1B6D5894D389}.Debug|Mixed Platforms.ActiveCfg = Debug|x86
		{29F1B080-1D4F-41EC-862D-1B6D5894D389}.Debug|Mixed Platforms.Build.0 = Debug|x86
		{29F1B080-1D4F-41EC-862D-1B6D5894D389}.Debug|x86.ActiveCfg = Debug|x86
		{29F1B080-1D4F-41EC-862D-1B6D5894D389}.Debug|x86.Build.0 = Debug|x86
		{29F1B080-1D4F-41EC-862D-1B6D5894D389}.Release|Any CPU.ActiveCfg = Release|x86
		{29F1B080-1D4F-41EC-862D-1B6D5894D389}.Release|Mixed Platforms.ActiveCfg = Release|x86
		{29F1B080-1D4F-41EC-862D-1B6D5894D389}.Release|Mixed Platforms.Build.0 = Release|x86
		{29F1B080-1D4F-41EC-862D-1B6D5894D389}.Release|x86.ActiveCfg = Release|x86
		{29F1B080-1D4F-41EC-862D-1B6D5894D389}.Release|x86.Build.0 = Release|x86
		{AF33ACD1-05BE-478C-80E3-3566B0569700}.Debug|Any CPU.ActiveCfg = Debug|x86
		{AF33ACD1-05BE-478C-80E3-3566B0569700}.Debug|Mixed Platforms.ActiveCfg = Debug|x86
		{AF33ACD1-05BE-478C-80E3-3566B0569700}.Debug|Mixed Platforms.Build.0 = Debug|x86
		{AF33ACD1-05BE-478C-80E3-3566B0569700}.Debug|x86.ActiveCfg = Debug|x86
		{AF33ACD1-05BE-478C-80E3-3566B0569700}.Debug|x86.Build.0 = Debug|x86
		{AF33ACD1-05BE-478C-80E3-3566B0569700}.Release|Any CPU.ActiveCfg = Release|x86
		{AF33ACD1-05BE-478C-80E3-3566B0569700}.Release|Mixed Platforms.ActiveCfg = Release|x86
		{AF33ACD1-05BE-478C-80E3-3566B0569700}.Release|Mixed Platforms.Build.0 = Release|x86
		{AF33ACD1-05BE-478C-80E3-3566B0569700}.Release|x86.ActiveCfg = Release|x86
		{AF33ACD1-05BE-478C-80E3-3566B0569700}.Release|x86.Build.0 = Release|x86
		{C56C5ACC-A154-4B5E-9611-A72301681492}.Debug|Any CPU.ActiveCfg = Debug|x86
		{C56C5ACC-A154-4B5E-9611-A72301681492}.Debug|Mixed Platforms.ActiveCfg = Debug|x86
		{C56C5ACC-A154-4B5E-9611-A72301681492}.Debug|Mixed Platforms.Build.0 = Debug|x86
		{C56C5ACC-A154-4B5E-9611-A72301681492}.Debug|x86.ActiveCfg = Debug|x86
		{C56C5ACC-A154-4B5E-9611-A72301681492}.Debug|x86.Build.0 = Debug|x86
		{C56C5ACC-A154-4B5E-9611-A72301681492}.Release|Any CPU.ActiveCfg = Release|x86
		{C56C5ACC-A154-4B5E-9611-A72301681492}.Release|Mixed Platforms.ActiveCfg = Release|x86
		{C56C5ACC-A154-4B5E-9611-A72301681492}.Release|Mixed Platforms.Build.0 = Release|x86
		{C56C5ACC-A154-4B5E-9611-A72301681492}.Release|x86.ActiveCfg = Release|x86
		{C56C5ACC-A154-4B5E-9611-A72301681492}.Release|x86.Build.0 = Release|x86
		{AE2B5749-E6C1-4BC0-A70C-1D1F23267685}.Debug|Any CPU.ActiveCfg = Debug|x86
		{AE2B5749-E6C1-4BC0-A70C-1D1F23267685}.Debug|Mixed Platforms.ActiveCfg = Debug|x86
		{AE2B5749-E6C1-4BC0-A70C-1D1F23267685}.Debug|Mixed Platforms.Build.0 = Debug|x86
		{AE2B5749-E6C1-4BC0-A70C-1D1F23267685}.Debug|x86.ActiveCfg = Debug|x86
		{AE2B5749-E6C1-4BC0-A70C-1D1F23267685}.Debug|x86.Build.0 = Debug|x86
		{AE2B5749-E6C1-4BC0-A70C-1D1F23267685}.Release|Any CPU.ActiveCfg = Release|x86
		{AE2B5749-E6C1-4BC0-A70C-1D1F23267685}.Release|Mixed Platforms.ActiveCfg = Release|x86
		{AE2B5749-E6C1-4BC0-A70C-1D1F23267685}.Release|Mixed Platforms.Build.0 = Release|x86
		{AE2B5749-E6C1-4BC0-A70C-1D1F23267685}.Release|x86.ActiveCfg = Release|x86
		{AE2B5749-E6C1-4BC0-A70C-1D1F23267685}.Release|x86.Build.0 = Release|x86
		{D3D4C4F1-A878-41D0-B156-D8F5279697EF}.Debug|Any CPU.ActiveCfg = Debug|x86
		{D3D4C4F1-A878-41D0-B156-D8F5279697EF}.Debug|Mixed Platforms.ActiveCfg = Debug|x86
		{D3D4C4F1-A878-41D0-B156-D8F5279697EF}.Debug|x86.ActiveCfg = Debug|x86
		{D3D4C4F1-A878-41D0-B156-D8F5279697EF}.Release|Any CPU.ActiveCfg = Release|x86
		{D3D4C4F1-A878-41D0-B156-D8F5279697EF}.Release|Mixed Platforms.ActiveCfg = Release|x86
		{D3D4C4F1-A878-41D0-B156-D8F5279697EF}.Release|x86.ActiveCfg = Release|x86
		{59DBFEB8-4CA2-4192-B579-77B977F5B5E0}.Debug|Any CPU.ActiveCfg = Debug|x86
		{59DBFEB8-4CA2-4192-B579-77B977F5B5E0}.Debug|Mixed Platforms.ActiveCfg = Debug|x86
		{59DBFEB8-4CA2-4192-B579-77B977F5B5E0}.Debug|Mixed Platforms.Build.0 = Debug|x86
		{59DBFEB8-4CA2-4192-B579-77B977F5B5E0}.Debug|x86.ActiveCfg = Debug|x86
		{59DBFEB8-4CA2-4192-B579-77B977F5B5E0}.Debug|x86.Build.0 = Debug|x86
		{59DBFEB8-4CA2-4192-B579-77B977F5B5E0}.Release|Any CPU.ActiveCfg = Release|x86
		{59DBFEB8-4CA2-4192-B579-77B977F5B5E0}.Release|Mixed Platforms.ActiveCfg = Release|x86
		{59DBFEB8-4CA2-4192-B579-77B977F5B5E0}.Release|Mixed Platforms.Build.0 = Release|x86
		{59DBFEB8-4CA2-4192-B579-77B977F5B5E0}.Release|x86.ActiveCfg = Release|x86
		{59DBFEB8-4CA2-4192-B579-77B977F5B5E0}.Release|x86.Build.0 = Release|x86
		{26B915B8-C0D1-491B-BC5C-126B44B9ACB9}.Debug|Any CPU.ActiveCfg = Debug|x86
		{26B915B8-C0D1-491B-BC5C-126B44B9ACB9}.Debug|Mixed Platforms.ActiveCfg = Debug|x86
		{26B915B8-C0D1-491B-BC5C-126B44B9ACB9}.Debug|x86.ActiveCfg = Debug|x86
		{26B915B8-C0D1-491B-BC5C-126B44B9ACB9}.Release|Any CPU.ActiveCfg = Release|x86
		{26B915B8-C0D1-491B-BC5C-126B44B9ACB9}.Release|Mixed Platforms.ActiveCfg = Release|x86
		{26B915B8-C0D1-491B-BC5C-126B44B9ACB9}.Release|x86.ActiveCfg = Release|x86
		{CEF63FA4-67FB-4DFD-8920-330DE13C46B7}.Debug|Any CPU.ActiveCfg = Debug|x86
		{CEF63FA4-67FB-4DFD-8920-330DE13C46B7}.Debug|Mixed Platforms.ActiveCfg = Debug|x86
		{CEF63FA4-67FB-4DFD-8920-330DE13C46B7}.Debug|Mixed Platforms.Build.0 = Debug|x86
		{CEF63FA4-67FB-4DFD-8920-330DE13C46B7}.Debug|x86.ActiveCfg = Debug|x86
		{CEF63FA4-67FB-4DFD-8920-330DE13C46B7}.Debug|x86.Build.0 = Debug|x86
		{CEF63FA4-67FB-4DFD-8920-330DE13C46B7}.Release|Any CPU.ActiveCfg = Release|x86
		{CEF63FA4-67FB-4DFD-8920-330DE13C46B7}.Release|Mixed Platforms.ActiveCfg = Release|x86
		{CEF63FA4-67FB-4DFD-8920-330DE13C46B7}.Release|Mixed Platforms.Build.0 = Release|x86
		{CEF63FA4-67FB-4DFD-8920-330DE13C46B7}.Release|x86.ActiveCfg = Release|x86
		{CEF63FA4-67FB-4DFD-8920-330DE13C46B7}.Release|x86.Build.0 = Release|x86
		{0B6CED82-0C51-46EE-9D90-3DBBD8F0026A}.Debug|Any CPU.ActiveCfg = Debug|x86
		{0B6CED82-0C51-46EE-9D90-3DBBD8F0026A}.Debug|Mixed Platforms.ActiveCfg = Debug|x86
		{0B6CED82-0C51-46EE-9D90-3DBBD8F0026A}.Debug|x86.ActiveCfg = Debug|x86
		{0B6CED82-0C51-46EE-9D90-3DBBD8F0026A}.Release|Any CPU.ActiveCfg = Release|x86
		{0B6CED82-0C51-46EE-9D90-3DBBD8F0026A}.Release|Mixed Platforms.ActiveCfg = Release|x86
		{0B6CED82-0C51-46EE-9D90-3DBBD8F0026A}.Release|x86.ActiveCfg = Release|x86
		{E53FFAC9-D6EC-46AB-A173-A79085A678F6}.Debug|Any CPU.ActiveCfg = Debug|Any CPU
		{E53FFAC9-D6EC-46AB-A173-A79085A678F6}.Debug|Any CPU.Build.0 = Debug|Any CPU
		{E53FFAC9-D6EC-46AB-A173-A79085A678F6}.Debug|Mixed Platforms.ActiveCfg = Debug|Any CPU
		{E53FFAC9-D6EC-46AB-A173-A79085A678F6}.Debug|Mixed Platforms.Build.0 = Debug|Any CPU
		{E53FFAC9-D6EC-46AB-A173-A79085A678F6}.Debug|x86.ActiveCfg = Debug|Any CPU
		{E53FFAC9-D6EC-46AB-A173-A79085A678F6}.Release|Any CPU.ActiveCfg = Release|Any CPU
		{E53FFAC9-D6EC-46AB-A173-A79085A678F6}.Release|Any CPU.Build.0 = Release|Any CPU
		{E53FFAC9-D6EC-46AB-A173-A79085A678F6}.Release|Mixed Platforms.ActiveCfg = Release|Any CPU
		{E53FFAC9-D6EC-46AB-A173-A79085A678F6}.Release|Mixed Platforms.Build.0 = Release|Any CPU
		{E53FFAC9-D6EC-46AB-A173-A79085A678F6}.Release|x86.ActiveCfg = Release|Any CPU
		{E074F5EB-26F3-4C97-A20E-76CC04C1E096}.Debug|Any CPU.ActiveCfg = Debug|x86
		{E074F5EB-26F3-4C97-A20E-76CC04C1E096}.Debug|Mixed Platforms.ActiveCfg = Debug|x86
		{E074F5EB-26F3-4C97-A20E-76CC04C1E096}.Debug|Mixed Platforms.Build.0 = Debug|x86
		{E074F5EB-26F3-4C97-A20E-76CC04C1E096}.Debug|x86.ActiveCfg = Debug|x86
		{E074F5EB-26F3-4C97-A20E-76CC04C1E096}.Debug|x86.Build.0 = Debug|x86
		{E074F5EB-26F3-4C97-A20E-76CC04C1E096}.Release|Any CPU.ActiveCfg = Release|x86
		{E074F5EB-26F3-4C97-A20E-76CC04C1E096}.Release|Mixed Platforms.ActiveCfg = Release|x86
		{E074F5EB-26F3-4C97-A20E-76CC04C1E096}.Release|Mixed Platforms.Build.0 = Release|x86
		{E074F5EB-26F3-4C97-A20E-76CC04C1E096}.Release|x86.ActiveCfg = Release|x86
		{E074F5EB-26F3-4C97-A20E-76CC04C1E096}.Release|x86.Build.0 = Release|x86
		{151B3458-16C9-4F7A-A78B-273564E5FC98}.Debug|Any CPU.ActiveCfg = Debug|x86
		{151B3458-16C9-4F7A-A78B-273564E5FC98}.Debug|Mixed Platforms.ActiveCfg = Debug|x86
		{151B3458-16C9-4F7A-A78B-273564E5FC98}.Debug|Mixed Platforms.Build.0 = Debug|x86
		{151B3458-16C9-4F7A-A78B-273564E5FC98}.Debug|x86.ActiveCfg = Debug|x86
		{151B3458-16C9-4F7A-A78B-273564E5FC98}.Debug|x86.Build.0 = Debug|x86
		{151B3458-16C9-4F7A-A78B-273564E5FC98}.Release|Any CPU.ActiveCfg = Release|x86
		{151B3458-16C9-4F7A-A78B-273564E5FC98}.Release|Mixed Platforms.ActiveCfg = Release|x86
		{151B3458-16C9-4F7A-A78B-273564E5FC98}.Release|Mixed Platforms.Build.0 = Release|x86
		{151B3458-16C9-4F7A-A78B-273564E5FC98}.Release|x86.ActiveCfg = Release|x86
		{151B3458-16C9-4F7A-A78B-273564E5FC98}.Release|x86.Build.0 = Release|x86
		{2C88A305-72CB-4A3A-81F4-481016427EA3}.Debug|Any CPU.ActiveCfg = Debug|x86
		{2C88A305-72CB-4A3A-81F4-481016427EA3}.Debug|Mixed Platforms.ActiveCfg = Debug|x86
		{2C88A305-72CB-4A3A-81F4-481016427EA3}.Debug|Mixed Platforms.Build.0 = Debug|x86
		{2C88A305-72CB-4A3A-81F4-481016427EA3}.Debug|x86.ActiveCfg = Debug|x86
		{2C88A305-72CB-4A3A-81F4-481016427EA3}.Debug|x86.Build.0 = Debug|x86
		{2C88A305-72CB-4A3A-81F4-481016427EA3}.Release|Any CPU.ActiveCfg = Release|x86
		{2C88A305-72CB-4A3A-81F4-481016427EA3}.Release|Mixed Platforms.ActiveCfg = Release|x86
		{2C88A305-72CB-4A3A-81F4-481016427EA3}.Release|Mixed Platforms.Build.0 = Release|x86
		{2C88A305-72CB-4A3A-81F4-481016427EA3}.Release|x86.ActiveCfg = Release|x86
		{2C88A305-72CB-4A3A-81F4-481016427EA3}.Release|x86.Build.0 = Release|x86
		{911F77C9-38E8-4069-9E58-8C70502D4E3D}.Debug|Any CPU.ActiveCfg = Debug|Any CPU
		{911F77C9-38E8-4069-9E58-8C70502D4E3D}.Debug|Mixed Platforms.ActiveCfg = Debug|Any CPU
		{911F77C9-38E8-4069-9E58-8C70502D4E3D}.Debug|x86.ActiveCfg = Debug|Any CPU
		{911F77C9-38E8-4069-9E58-8C70502D4E3D}.Release|Any CPU.ActiveCfg = Debug|Any CPU
		{911F77C9-38E8-4069-9E58-8C70502D4E3D}.Release|Mixed Platforms.ActiveCfg = Debug|Any CPU
		{911F77C9-38E8-4069-9E58-8C70502D4E3D}.Release|x86.ActiveCfg = Debug|Any CPU
	EndGlobalSection
	GlobalSection(SolutionProperties) = preSolution
		HideSolutionNode = FALSE
	EndGlobalSection
EndGlobal
